
Microsoft Visual Studio Solution File, Format Version 12.00
# Visual Studio 2013
VisualStudioVersion = 12.0.30501.0
MinimumVisualStudioVersion = 10.0.40219.1
Project("{FAE04EC0-301F-11D3-BF4B-00C04F79EFBC}") = "OnlineMarket(Struc)our", "OnlineMarket\OnlineMarket(Struc)our.csproj", "{70109260-B96B-4B20-8005-433906A88322}"
EndProject
Project("{FAE04EC0-301F-11D3-BF4B-00C04F79EFBC}") = "Words", "Words\Words.csproj", "{14742BD2-F942-4AE1-96B1-0A69AD6174AA}"
EndProject
Project("{FAE04EC0-301F-11D3-BF4B-00C04F79EFBC}") = "Purjola", "Purjola\Purjola.csproj", "{B9EC5CF7-EDF8-4F03-B5A2-8692DD53B214}"
EndProject
Project("{FAE04EC0-301F-11D3-BF4B-00C04F79EFBC}") = "Portals(DFS,BFS)", "Portals\Portals(DFS,BFS).csproj", "{E1CC3374-B4B9-4D3C-905E-068183B56E3C}"
EndProject
Project("{FAE04EC0-301F-11D3-BF4B-00C04F79EFBC}") = "GirlsGoneWild(CVC)", "GirlsGoneWild\GirlsGoneWild(CVC).csproj", "{B3F0306E-A9D2-4C19-9F0E-FA05539C5533}"
EndProject
Project("{FAE04EC0-301F-11D3-BF4B-00C04F79EFBC}") = "ShortestPath(Vwith)", "ShortestPath(C)\ShortestPath(Vwith).csproj", "{3BBB933C-4848-4B25-B07E-9F2242C3888C}"
EndProject
Project("{FAE04EC0-301F-11D3-BF4B-00C04F79EFBC}") = "3D-labirynt(BFS,DFS)(MinPath)", "3D-labirynt\3D-labirynt(BFS,DFS)(MinPath).csproj", "{B0A25D37-E389-4420-B5F8-67F30F1C61C5}"
EndProject
Project("{FAE04EC0-301F-11D3-BF4B-00C04F79EFBC}") = "Fibonaci", "Fibonaci\Fibonaci.csproj", "{A97D2AF9-DA17-420F-B618-524C6D187737}"
EndProject
Project("{FAE04EC0-301F-11D3-BF4B-00C04F79EFBC}") = "Frames(PP)", "Frames\Frames(PP).csproj", "{4A6BBFFE-B412-43EE-8562-D9FFE9034217}"
EndProject
Project("{FAE04EC0-301F-11D3-BF4B-00C04F79EFBC}") = "MaximumPath(DFS)", "MaximumPath\MaximumPath(DFS).csproj", "{1C4041B3-1C40-4ACF-B226-25A8C8E04DE9}"
EndProject
Project("{FAE04EC0-301F-11D3-BF4B-00C04F79EFBC}") = "OnlineStoreZdravko", "OnlineStore\OnlineStoreZdravko.csproj", "{447A5146-0245-489E-98AD-713A900B88D1}"
EndProject
Project("{FAE04EC0-301F-11D3-BF4B-00C04F79EFBC}") = "JediMeditation", "JediMeditation\JediMeditation.csproj", "{D0EF595A-484F-491A-BF21-1BD45A3AAD05}"
EndProject
Project("{2150E333-8FDC-42A3-9474-1A3956D46DE8}") = "2013", "2013", "{286F754B-95A7-4B2E-B903-A9663C66F5CF}"
EndProject
Project("{2150E333-8FDC-42A3-9474-1A3956D46DE8}") = "2014", "2014", "{F0E0F021-E136-4C9C-A258-F1E7DD3C7A7C}"
EndProject
Project("{2150E333-8FDC-42A3-9474-1A3956D46DE8}") = "workshop", "workshop", "{2057B32B-DDAB-458D-99B0-D53B43A6F20A}"
EndProject
Project("{FAE04EC0-301F-11D3-BF4B-00C04F79EFBC}") = "SuperMarketQueue", "SuperMarketQueue\SuperMarketQueue.csproj", "{F29DF97A-E78B-44D6-873C-382A1C2B11E7}"
EndProject
Global
	GlobalSection(SolutionConfigurationPlatforms) = preSolution
		Debug|Any CPU = Debug|Any CPU
		Release|Any CPU = Release|Any CPU
	EndGlobalSection
	GlobalSection(ProjectConfigurationPlatforms) = postSolution
		{70109260-B96B-4B20-8005-433906A88322}.Debug|Any CPU.ActiveCfg = Debug|Any CPU
		{70109260-B96B-4B20-8005-433906A88322}.Debug|Any CPU.Build.0 = Debug|Any CPU
		{70109260-B96B-4B20-8005-433906A88322}.Release|Any CPU.ActiveCfg = Release|Any CPU
		{70109260-B96B-4B20-8005-433906A88322}.Release|Any CPU.Build.0 = Release|Any CPU
		{14742BD2-F942-4AE1-96B1-0A69AD6174AA}.Debug|Any CPU.ActiveCfg = Debug|Any CPU
		{14742BD2-F942-4AE1-96B1-0A69AD6174AA}.Debug|Any CPU.Build.0 = Debug|Any CPU
		{14742BD2-F942-4AE1-96B1-0A69AD6174AA}.Release|Any CPU.ActiveCfg = Release|Any CPU
		{14742BD2-F942-4AE1-96B1-0A69AD6174AA}.Release|Any CPU.Build.0 = Release|Any CPU
		{B9EC5CF7-EDF8-4F03-B5A2-8692DD53B214}.Debug|Any CPU.ActiveCfg = Debug|Any CPU
		{B9EC5CF7-EDF8-4F03-B5A2-8692DD53B214}.Debug|Any CPU.Build.0 = Debug|Any CPU
		{B9EC5CF7-EDF8-4F03-B5A2-8692DD53B214}.Release|Any CPU.ActiveCfg = Release|Any CPU
		{B9EC5CF7-EDF8-4F03-B5A2-8692DD53B214}.Release|Any CPU.Build.0 = Release|Any CPU
		{E1CC3374-B4B9-4D3C-905E-068183B56E3C}.Debug|Any CPU.ActiveCfg = Debug|Any CPU
		{E1CC3374-B4B9-4D3C-905E-068183B56E3C}.Debug|Any CPU.Build.0 = Debug|Any CPU
		{E1CC3374-B4B9-4D3C-905E-068183B56E3C}.Release|Any CPU.ActiveCfg = Release|Any CPU
		{E1CC3374-B4B9-4D3C-905E-068183B56E3C}.Release|Any CPU.Build.0 = Release|Any CPU
		{B3F0306E-A9D2-4C19-9F0E-FA05539C5533}.Debug|Any CPU.ActiveCfg = Debug|Any CPU
		{B3F0306E-A9D2-4C19-9F0E-FA05539C5533}.Debug|Any CPU.Build.0 = Debug|Any CPU
		{B3F0306E-A9D2-4C19-9F0E-FA05539C5533}.Release|Any CPU.ActiveCfg = Release|Any CPU
		{B3F0306E-A9D2-4C19-9F0E-FA05539C5533}.Release|Any CPU.Build.0 = Release|Any CPU
		{3BBB933C-4848-4B25-B07E-9F2242C3888C}.Debug|Any CPU.ActiveCfg = Debug|Any CPU
		{3BBB933C-4848-4B25-B07E-9F2242C3888C}.Debug|Any CPU.Build.0 = Debug|Any CPU
		{3BBB933C-4848-4B25-B07E-9F2242C3888C}.Release|Any CPU.ActiveCfg = Release|Any CPU
		{3BBB933C-4848-4B25-B07E-9F2242C3888C}.Release|Any CPU.Build.0 = Release|Any CPU
		{B0A25D37-E389-4420-B5F8-67F30F1C61C5}.Debug|Any CPU.ActiveCfg = Debug|Any CPU
		{B0A25D37-E389-4420-B5F8-67F30F1C61C5}.Debug|Any CPU.Build.0 = Debug|Any CPU
		{B0A25D37-E389-4420-B5F8-67F30F1C61C5}.Release|Any CPU.ActiveCfg = Release|Any CPU
		{B0A25D37-E389-4420-B5F8-67F30F1C61C5}.Release|Any CPU.Build.0 = Release|Any CPU
		{A97D2AF9-DA17-420F-B618-524C6D187737}.Debug|Any CPU.ActiveCfg = Debug|Any CPU
		{A97D2AF9-DA17-420F-B618-524C6D187737}.Debug|Any CPU.Build.0 = Debug|Any CPU
		{A97D2AF9-DA17-420F-B618-524C6D187737}.Release|Any CPU.ActiveCfg = Release|Any CPU
		{A97D2AF9-DA17-420F-B618-524C6D187737}.Release|Any CPU.Build.0 = Release|Any CPU
		{4A6BBFFE-B412-43EE-8562-D9FFE9034217}.Debug|Any CPU.ActiveCfg = Debug|Any CPU
		{4A6BBFFE-B412-43EE-8562-D9FFE9034217}.Debug|Any CPU.Build.0 = Debug|Any CPU
		{4A6BBFFE-B412-43EE-8562-D9FFE9034217}.Release|Any CPU.ActiveCfg = Release|Any CPU
		{4A6BBFFE-B412-43EE-8562-D9FFE9034217}.Release|Any CPU.Build.0 = Release|Any CPU
		{1C4041B3-1C40-4ACF-B226-25A8C8E04DE9}.Debug|Any CPU.ActiveCfg = Debug|Any CPU
		{1C4041B3-1C40-4ACF-B226-25A8C8E04DE9}.Debug|Any CPU.Build.0 = Debug|Any CPU
		{1C4041B3-1C40-4ACF-B226-25A8C8E04DE9}.Release|Any CPU.ActiveCfg = Release|Any CPU
		{1C4041B3-1C40-4ACF-B226-25A8C8E04DE9}.Release|Any CPU.Build.0 = Release|Any CPU
		{447A5146-0245-489E-98AD-713A900B88D1}.Debug|Any CPU.ActiveCfg = Debug|Any CPU
		{447A5146-0245-489E-98AD-713A900B88D1}.Debug|Any CPU.Build.0 = Debug|Any CPU
		{447A5146-0245-489E-98AD-713A900B88D1}.Release|Any CPU.ActiveCfg = Release|Any CPU
		{447A5146-0245-489E-98AD-713A900B88D1}.Release|Any CPU.Build.0 = Release|Any CPU
		{D0EF595A-484F-491A-BF21-1BD45A3AAD05}.Debug|Any CPU.ActiveCfg = Debug|Any CPU
		{D0EF595A-484F-491A-BF21-1BD45A3AAD05}.Debug|Any CPU.Build.0 = Debug|Any CPU
		{D0EF595A-484F-491A-BF21-1BD45A3AAD05}.Release|Any CPU.ActiveCfg = Release|Any CPU
		{D0EF595A-484F-491A-BF21-1BD45A3AAD05}.Release|Any CPU.Build.0 = Release|Any CPU
		{F29DF97A-E78B-44D6-873C-382A1C2B11E7}.Debug|Any CPU.ActiveCfg = Debug|Any CPU
		{F29DF97A-E78B-44D6-873C-382A1C2B11E7}.Debug|Any CPU.Build.0 = Debug|Any CPU
		{F29DF97A-E78B-44D6-873C-382A1C2B11E7}.Release|Any CPU.ActiveCfg = Release|Any CPU
		{F29DF97A-E78B-44D6-873C-382A1C2B11E7}.Release|Any CPU.Build.0 = Release|Any CPU
	EndGlobalSection
	GlobalSection(SolutionProperties) = preSolution
		HideSolutionNode = FALSE
	EndGlobalSection
	GlobalSection(NestedProjects) = preSolution
		{70109260-B96B-4B20-8005-433906A88322} = {F0E0F021-E136-4C9C-A258-F1E7DD3C7A7C}
		{E1CC3374-B4B9-4D3C-905E-068183B56E3C} = {F0E0F021-E136-4C9C-A258-F1E7DD3C7A7C}
		{B3F0306E-A9D2-4C19-9F0E-FA05539C5533} = {F0E0F021-E136-4C9C-A258-F1E7DD3C7A7C}
		{B0A25D37-E389-4420-B5F8-67F30F1C61C5} = {286F754B-95A7-4B2E-B903-A9663C66F5CF}
		{4A6BBFFE-B412-43EE-8562-D9FFE9034217} = {286F754B-95A7-4B2E-B903-A9663C66F5CF}
		{F29DF97A-E78B-44D6-873C-382A1C2B11E7} = {286F754B-95A7-4B2E-B903-A9663C66F5CF}
	EndGlobalSection
EndGlobal
