
Microsoft Visual Studio Solution File, Format Version 12.00
# Visual Studio 2012
Project("{FAE04EC0-301F-11D3-BF4B-00C04F79EFBC}") = "01.DeclareVariables", "DeclareVariables\01.DeclareVariables.csproj", "{91C8D7B6-6F1F-4CE9-89AB-2B66FBEBCDDF}"
EndProject
Project("{FAE04EC0-301F-11D3-BF4B-00C04F79EFBC}") = "02.FloatOrDouble", "FloatOrDouble\02.FloatOrDouble.csproj", "{0B2A65AB-F7E6-4454-BCEE-C7AFB89EA9B4}"
EndProject
Project("{FAE04EC0-301F-11D3-BF4B-00C04F79EFBC}") = "03.VariableInHexadecimalFormat", "VariableInHexadecimalFormat\03.VariableInHexadecimalFormat.csproj", "{35B90ED2-8B72-4A62-A571-689E2E19757C}"
EndProject
Project("{FAE04EC0-301F-11D3-BF4B-00C04F79EFBC}") = "04.UnicodeCharacter", "UnicodeCharacter\04.UnicodeCharacter.csproj", "{6A36CD89-C0FE-4023-9FBD-FD8EC9DD0488}"
EndProject
Project("{FAE04EC0-301F-11D3-BF4B-00C04F79EFBC}") = "05.BooleanVariable", "BooleanVariable\05.BooleanVariable.csproj", "{71F36581-9988-4FF6-A7F9-DECF7F5EF318}"
EndProject
Project("{FAE04EC0-301F-11D3-BF4B-00C04F79EFBC}") = "06.StringsAndObjects", "StringsAndObjects\06.StringsAndObjects.csproj", "{89E7683C-1200-4744-BE0E-14DE7F33BB6F}"
EndProject
Project("{FAE04EC0-301F-11D3-BF4B-00C04F79EFBC}") = "07.QuotesInStrings", "QuotesInStrings\07.QuotesInStrings.csproj", "{8CD2B98D-6266-4996-AEA8-736BDEBD9EF3}"
EndProject
Project("{FAE04EC0-301F-11D3-BF4B-00C04F79EFBC}") = "08.IsoscelesTriangle", "IsoscelesTriangle\08.IsoscelesTriangle.csproj", "{4249CC0B-FD71-43A4-9475-BC0011539EA2}"
EndProject
Project("{FAE04EC0-301F-11D3-BF4B-00C04F79EFBC}") = "09.ExchangeVariableValues", "ExchangeVariableValues\09.ExchangeVariableValues.csproj", "{D8D704B6-D9E8-4FDC-A66B-B8D025ADC0E8}"
EndProject
Project("{FAE04EC0-301F-11D3-BF4B-00C04F79EFBC}") = "10.EmployeeData", "EmployeeData\10.EmployeeData.csproj", "{5DC83937-3CEC-4865-8BDE-227EC6B226E7}"
EndProject
Project("{FAE04EC0-301F-11D3-BF4B-00C04F79EFBC}") = "11.BankAccountData", "BankAccountData\11.BankAccountData.csproj", "{F703DBE8-F75B-4113-AA2B-936176A3277D}"
EndProject
Project("{FAE04EC0-301F-11D3-BF4B-00C04F79EFBC}") = "12.NullValuesArithmetic", "NullValuesArithmetic\12.NullValuesArithmetic.csproj", "{355A3A93-1569-457B-B7DA-80CC38DD78AA}"
EndProject
Project("{FAE04EC0-301F-11D3-BF4B-00C04F79EFBC}") = "13.ComparingFloats", "ComparingFloats\13.ComparingFloats.csproj", "{3D7F9F02-6874-4CD0-B1B5-D9247FC61148}"
EndProject
Project("{FAE04EC0-301F-11D3-BF4B-00C04F79EFBC}") = "14.PrintTheASCIITable", "PrintTheASCIITable\14.PrintTheASCIITable.csproj", "{65873F14-D494-4294-B3A0-13CD0307F72B}"
EndProject
Global
	GlobalSection(SolutionConfigurationPlatforms) = preSolution
		Debug|Any CPU = Debug|Any CPU
		Release|Any CPU = Release|Any CPU
	EndGlobalSection
	GlobalSection(ProjectConfigurationPlatforms) = postSolution
		{91C8D7B6-6F1F-4CE9-89AB-2B66FBEBCDDF}.Debug|Any CPU.ActiveCfg = Debug|Any CPU
		{91C8D7B6-6F1F-4CE9-89AB-2B66FBEBCDDF}.Debug|Any CPU.Build.0 = Debug|Any CPU
		{91C8D7B6-6F1F-4CE9-89AB-2B66FBEBCDDF}.Release|Any CPU.ActiveCfg = Release|Any CPU
		{91C8D7B6-6F1F-4CE9-89AB-2B66FBEBCDDF}.Release|Any CPU.Build.0 = Release|Any CPU
		{0B2A65AB-F7E6-4454-BCEE-C7AFB89EA9B4}.Debug|Any CPU.ActiveCfg = Debug|Any CPU
		{0B2A65AB-F7E6-4454-BCEE-C7AFB89EA9B4}.Debug|Any CPU.Build.0 = Debug|Any CPU
		{0B2A65AB-F7E6-4454-BCEE-C7AFB89EA9B4}.Release|Any CPU.ActiveCfg = Release|Any CPU
		{0B2A65AB-F7E6-4454-BCEE-C7AFB89EA9B4}.Release|Any CPU.Build.0 = Release|Any CPU
		{35B90ED2-8B72-4A62-A571-689E2E19757C}.Debug|Any CPU.ActiveCfg = Debug|Any CPU
		{35B90ED2-8B72-4A62-A571-689E2E19757C}.Debug|Any CPU.Build.0 = Debug|Any CPU
		{35B90ED2-8B72-4A62-A571-689E2E19757C}.Release|Any CPU.ActiveCfg = Release|Any CPU
		{35B90ED2-8B72-4A62-A571-689E2E19757C}.Release|Any CPU.Build.0 = Release|Any CPU
		{6A36CD89-C0FE-4023-9FBD-FD8EC9DD0488}.Debug|Any CPU.ActiveCfg = Debug|Any CPU
		{6A36CD89-C0FE-4023-9FBD-FD8EC9DD0488}.Debug|Any CPU.Build.0 = Debug|Any CPU
		{6A36CD89-C0FE-4023-9FBD-FD8EC9DD0488}.Release|Any CPU.ActiveCfg = Release|Any CPU
		{6A36CD89-C0FE-4023-9FBD-FD8EC9DD0488}.Release|Any CPU.Build.0 = Release|Any CPU
		{71F36581-9988-4FF6-A7F9-DECF7F5EF318}.Debug|Any CPU.ActiveCfg = Debug|Any CPU
		{71F36581-9988-4FF6-A7F9-DECF7F5EF318}.Debug|Any CPU.Build.0 = Debug|Any CPU
		{71F36581-9988-4FF6-A7F9-DECF7F5EF318}.Release|Any CPU.ActiveCfg = Release|Any CPU
		{71F36581-9988-4FF6-A7F9-DECF7F5EF318}.Release|Any CPU.Build.0 = Release|Any CPU
		{89E7683C-1200-4744-BE0E-14DE7F33BB6F}.Debug|Any CPU.ActiveCfg = Debug|Any CPU
		{89E7683C-1200-4744-BE0E-14DE7F33BB6F}.Debug|Any CPU.Build.0 = Debug|Any CPU
		{89E7683C-1200-4744-BE0E-14DE7F33BB6F}.Release|Any CPU.ActiveCfg = Release|Any CPU
		{89E7683C-1200-4744-BE0E-14DE7F33BB6F}.Release|Any CPU.Build.0 = Release|Any CPU
		{8CD2B98D-6266-4996-AEA8-736BDEBD9EF3}.Debug|Any CPU.ActiveCfg = Debug|Any CPU
		{8CD2B98D-6266-4996-AEA8-736BDEBD9EF3}.Debug|Any CPU.Build.0 = Debug|Any CPU
		{8CD2B98D-6266-4996-AEA8-736BDEBD9EF3}.Release|Any CPU.ActiveCfg = Release|Any CPU
		{8CD2B98D-6266-4996-AEA8-736BDEBD9EF3}.Release|Any CPU.Build.0 = Release|Any CPU
		{4249CC0B-FD71-43A4-9475-BC0011539EA2}.Debug|Any CPU.ActiveCfg = Debug|Any CPU
		{4249CC0B-FD71-43A4-9475-BC0011539EA2}.Debug|Any CPU.Build.0 = Debug|Any CPU
		{4249CC0B-FD71-43A4-9475-BC0011539EA2}.Release|Any CPU.ActiveCfg = Release|Any CPU
		{4249CC0B-FD71-43A4-9475-BC0011539EA2}.Release|Any CPU.Build.0 = Release|Any CPU
		{D8D704B6-D9E8-4FDC-A66B-B8D025ADC0E8}.Debug|Any CPU.ActiveCfg = Debug|Any CPU
		{D8D704B6-D9E8-4FDC-A66B-B8D025ADC0E8}.Debug|Any CPU.Build.0 = Debug|Any CPU
		{D8D704B6-D9E8-4FDC-A66B-B8D025ADC0E8}.Release|Any CPU.ActiveCfg = Release|Any CPU
		{D8D704B6-D9E8-4FDC-A66B-B8D025ADC0E8}.Release|Any CPU.Build.0 = Release|Any CPU
		{5DC83937-3CEC-4865-8BDE-227EC6B226E7}.Debug|Any CPU.ActiveCfg = Debug|Any CPU
		{5DC83937-3CEC-4865-8BDE-227EC6B226E7}.Debug|Any CPU.Build.0 = Debug|Any CPU
		{5DC83937-3CEC-4865-8BDE-227EC6B226E7}.Release|Any CPU.ActiveCfg = Release|Any CPU
		{5DC83937-3CEC-4865-8BDE-227EC6B226E7}.Release|Any CPU.Build.0 = Release|Any CPU
		{F703DBE8-F75B-4113-AA2B-936176A3277D}.Debug|Any CPU.ActiveCfg = Debug|Any CPU
		{F703DBE8-F75B-4113-AA2B-936176A3277D}.Debug|Any CPU.Build.0 = Debug|Any CPU
		{F703DBE8-F75B-4113-AA2B-936176A3277D}.Release|Any CPU.ActiveCfg = Release|Any CPU
		{F703DBE8-F75B-4113-AA2B-936176A3277D}.Release|Any CPU.Build.0 = Release|Any CPU
		{355A3A93-1569-457B-B7DA-80CC38DD78AA}.Debug|Any CPU.ActiveCfg = Debug|Any CPU
		{355A3A93-1569-457B-B7DA-80CC38DD78AA}.Debug|Any CPU.Build.0 = Debug|Any CPU
		{355A3A93-1569-457B-B7DA-80CC38DD78AA}.Release|Any CPU.ActiveCfg = Release|Any CPU
		{355A3A93-1569-457B-B7DA-80CC38DD78AA}.Release|Any CPU.Build.0 = Release|Any CPU
		{3D7F9F02-6874-4CD0-B1B5-D9247FC61148}.Debug|Any CPU.ActiveCfg = Debug|Any CPU
		{3D7F9F02-6874-4CD0-B1B5-D9247FC61148}.Debug|Any CPU.Build.0 = Debug|Any CPU
		{3D7F9F02-6874-4CD0-B1B5-D9247FC61148}.Release|Any CPU.ActiveCfg = Release|Any CPU
		{3D7F9F02-6874-4CD0-B1B5-D9247FC61148}.Release|Any CPU.Build.0 = Release|Any CPU
		{65873F14-D494-4294-B3A0-13CD0307F72B}.Debug|Any CPU.ActiveCfg = Debug|Any CPU
		{65873F14-D494-4294-B3A0-13CD0307F72B}.Debug|Any CPU.Build.0 = Debug|Any CPU
		{65873F14-D494-4294-B3A0-13CD0307F72B}.Release|Any CPU.ActiveCfg = Release|Any CPU
		{65873F14-D494-4294-B3A0-13CD0307F72B}.Release|Any CPU.Build.0 = Release|Any CPU
	EndGlobalSection
	GlobalSection(SolutionProperties) = preSolution
		HideSolutionNode = FALSE
	EndGlobalSection
EndGlobal
